PODS:
  - call_notification (0.0.1):
    - Flutter
  - Flutter (1.0.0)

DEPENDENCIES:
  - call_notification (from `.symlinks/plugins/call_notification/ios`)
  - Flutter (from `Flutter`)

EXTERNAL SOURCES:
  call_notification:
    :path: ".symlinks/plugins/call_notification/ios"
  Flutter:
    :path: Flutter

SPEC CHECKSUMS:
  call_notification: 15341be626ff5154e2bc16178e196adb73e7ce30
  Flutter: 434fef37c0980e73bb6479ef766c45957d4b510c

PODFILE CHECKSUM: aafe91acc616949ddb318b77800a7f51bffa2a4c

COCOAPODS: 1.10.1
